# This file is automatically @generated by Cargo.
# It is not intended for manual editing.
version = 3

[[package]]
name = "serde_derive"
version = "1.0.130"
dependencies = [
 "watt",
]

[[package]]
name = "watt"
version = "0.4.0"
source = "registry+https://github.com/rust-lang/crates.io-index"
checksum = "d626c754be194d806f2f496d3ac92470a12ec89df451b3b3f358194803e8f748"
